
Microsoft Visual Studio Solution File, Format Version 10.00
# Visual Studio 2008
Project("{FAE04EC0-301F-11D3-BF4B-00C04F79EFBC}") = "BDika.Web.Application", "BDika.Web.Application\BDika.Web.Application.csproj", "{B48A1A13-C427-4F28-ABED-ACA6F28C66BE}"
EndProject
Project("{FAE04EC0-301F-11D3-BF4B-00C04F79EFBC}") = "BDika.Web.Core", "BDika.Web.Core\BDika.Web.Core.csproj", "{23D7C7BD-131C-4267-B4FA-05EB099007BD}"
EndProject
Project("{2150E333-8FDC-42A3-9474-1A3956D46DE8}") = "Configuration", "Configuration", "{5EB2FA58-2B9F-46AA-9A36-A22221636FC0}"
EndProject
Project("{2150E333-8FDC-42A3-9474-1A3956D46DE8}") = "Global", "Global", "{A6587A72-BE5F-4CDC-9553-04770351F068}"
EndProject
Project("{2150E333-8FDC-42A3-9474-1A3956D46DE8}") = "Core", "Core", "{654B44A7-5E5F-4AA2-80FA-CE135049A1D0}"
EndProject
Project("{2150E333-8FDC-42A3-9474-1A3956D46DE8}") = "Web", "Web", "{A7513898-DA6B-4F1D-907A-3F884229EDED}"
EndProject
Project("{2150E333-8FDC-42A3-9474-1A3956D46DE8}") = "Data", "Data", "{EABEF104-7CFE-4DCF-8BD2-B8C0CE10E755}"
EndProject
Project("{2150E333-8FDC-42A3-9474-1A3956D46DE8}") = "Web", "Web", "{38A21401-1DC1-46AB-8392-ED12E436707C}"
EndProject
Project("{FAE04EC0-301F-11D3-BF4B-00C04F79EFBC}") = "BDika.Entities", "BDika.Entities\BDika.Entities.csproj", "{C3DDB25E-F259-49C6-BA9B-26C328788E66}"
EndProject
Project("{2150E333-8FDC-42A3-9474-1A3956D46DE8}") = "Debug", "Debug", "{D2CE6F1E-72BC-4072-BA97-794FE1D61A3D}"
EndProject
Project("{2150E333-8FDC-42A3-9474-1A3956D46DE8}") = "Core", "Core", "{AA0C0F6A-8B27-4A32-BB08-006143027008}"
EndProject
Project("{2150E333-8FDC-42A3-9474-1A3956D46DE8}") = "Web", "Web", "{EEFDA719-E0F8-4B97-BE92-047C19DBBFB4}"
EndProject
Project("{2150E333-8FDC-42A3-9474-1A3956D46DE8}") = "Resources", "Resources", "{27755B68-FC69-4A8B-A7F4-0DEB41F221AB}"
EndProject
Project("{FAE04EC0-301F-11D3-BF4B-00C04F79EFBC}") = "BDika.Resources.Web.Application", "BDika.Resources.Web.Application\BDika.Resources.Web.Application.csproj", "{48119CA3-B43F-464D-81EF-F3C035D2E5E4}"
EndProject
Project("{FAE04EC0-301F-11D3-BF4B-00C04F79EFBC}") = "BDika.Resources.Web.Core", "BDika.Resources.Web.Core\BDika.Resources.Web.Core.csproj", "{09D03BA5-DC68-4C42-BD3E-6E29DB7ADC42}"
EndProject
Project("{2150E333-8FDC-42A3-9474-1A3956D46DE8}") = "Build Scripts", "Build Scripts", "{56D2421F-5977-4933-8AA3-879B525FE131}"
	ProjectSection(SolutionItems) = preProject
		Build\BDika.Base.proj = Build\BDika.Base.proj
		Build\BDika.proj = Build\BDika.proj
		Build\BDika.Tasks.EmailsSender.proj = Build\BDika.Tasks.EmailsSender.proj
		Build\BDika.Tasks.TestsExecuter.proj = Build\BDika.Tasks.TestsExecuter.proj
		Build\BDika.Web.proj = Build\BDika.Web.proj
	EndProjectSection
EndProject
Project("{2150E333-8FDC-42A3-9474-1A3956D46DE8}") = "API", "API", "{53A5004F-F4C0-4814-859B-147D898D9EB1}"
EndProject
Project("{FAE04EC0-301F-11D3-BF4B-00C04F79EFBC}") = "BDika.Providers", "BDika.Providers\BDika.Providers.csproj", "{10EDAF6F-14A5-48AB-A394-65346F40D349}"
EndProject
Project("{FAE04EC0-301F-11D3-BF4B-00C04F79EFBC}") = "BDika.Dao", "BDika.Dao\BDika.Dao.csproj", "{A6AA4858-7BF3-4B59-A205-6D1AB39554A3}"
EndProject
Project("{2150E333-8FDC-42A3-9474-1A3956D46DE8}") = "Tasks", "Tasks", "{181CCF29-5B36-46A8-8E8C-A100F96C38FB}"
EndProject
Project("{FAE04EC0-301F-11D3-BF4B-00C04F79EFBC}") = "BDika.Tasks.EmailsSender", "BDika.Tasks.EmailsSender\BDika.Tasks.EmailsSender.csproj", "{C4E93673-4B7C-4930-B4FC-E52E9C2851A4}"
EndProject
Project("{2150E333-8FDC-42A3-9474-1A3956D46DE8}") = "Tasks", "Tasks", "{D674FB36-1EB2-442F-AC84-0F5137E2E4FA}"
EndProject
Project("{2150E333-8FDC-42A3-9474-1A3956D46DE8}") = "EmailsSender", "EmailsSender", "{995B0B24-F883-4F34-9499-4447D7CBA681}"
EndProject
Project("{FAE04EC0-301F-11D3-BF4B-00C04F79EFBC}") = "BDika.Tasks.TestsExecuter", "BDika.Tasks.TestsExecuter\BDika.Tasks.TestsExecuter.csproj", "{3086C39A-2CE4-4DCC-8955-14E13090749A}"
EndProject
Project("{2150E333-8FDC-42A3-9474-1A3956D46DE8}") = "TestsExecuter", "TestsExecuter", "{70CCFB45-0679-420E-BB43-BF97047D8269}"
EndProject
Project("{FAE04EC0-301F-11D3-BF4B-00C04F79EFBC}") = "BDika.Client.API", "BDika.Client.API\BDika.Client.API.csproj", "{33DB4F3B-F5C1-4305-A364-7FC7B9792092}"
EndProject
Project("{2150E333-8FDC-42A3-9474-1A3956D46DE8}") = "Release", "Release", "{92D9E80B-6910-4FD8-A62B-B9804369E5BA}"
EndProject
Project("{2150E333-8FDC-42A3-9474-1A3956D46DE8}") = "Core", "Core", "{A20A3591-2F4B-480D-91B1-D11CC907BC61}"
	ProjectSection(SolutionItems) = preProject
		Configuration\Release\Core\BDika.Dao.config = Configuration\Release\Core\BDika.Dao.config
		Configuration\Release\Core\BDika.Memcached.config = Configuration\Release\Core\BDika.Memcached.config
		Configuration\Release\Core\BDika.SecurityCredentials.config = Configuration\Release\Core\BDika.SecurityCredentials.config
	EndProjectSection
EndProject
Project("{2150E333-8FDC-42A3-9474-1A3956D46DE8}") = "Web", "Web", "{D0B43005-C830-424A-BAC5-9BD4143B6244}"
	ProjectSection(SolutionItems) = preProject
		Configuration\Release\Web\BDika.Logging.config = Configuration\Release\Web\BDika.Logging.config
		Configuration\Release\Web\BDika.Web.Application.config = Configuration\Release\Web\BDika.Web.Application.config
	EndProjectSection
EndProject
Global
	GlobalSection(SolutionConfigurationPlatforms) = preSolution
		Debug|Any CPU = Debug|Any CPU
		Release|Any CPU = Release|Any CPU
	EndGlobalSection
	GlobalSection(ProjectConfigurationPlatforms) = postSolution
		{B48A1A13-C427-4F28-ABED-ACA6F28C66BE}.Debug|Any CPU.ActiveCfg = Debug|Any CPU
		{B48A1A13-C427-4F28-ABED-ACA6F28C66BE}.Debug|Any CPU.Build.0 = Debug|Any CPU
		{B48A1A13-C427-4F28-ABED-ACA6F28C66BE}.Release|Any CPU.ActiveCfg = Release|Any CPU
		{B48A1A13-C427-4F28-ABED-ACA6F28C66BE}.Release|Any CPU.Build.0 = Release|Any CPU
		{23D7C7BD-131C-4267-B4FA-05EB099007BD}.Debug|Any CPU.ActiveCfg = Debug|Any CPU
		{23D7C7BD-131C-4267-B4FA-05EB099007BD}.Debug|Any CPU.Build.0 = Debug|Any CPU
		{23D7C7BD-131C-4267-B4FA-05EB099007BD}.Release|Any CPU.ActiveCfg = Release|Any CPU
		{23D7C7BD-131C-4267-B4FA-05EB099007BD}.Release|Any CPU.Build.0 = Release|Any CPU
		{C3DDB25E-F259-49C6-BA9B-26C328788E66}.Debug|Any CPU.ActiveCfg = Debug|Any CPU
		{C3DDB25E-F259-49C6-BA9B-26C328788E66}.Debug|Any CPU.Build.0 = Debug|Any CPU
		{C3DDB25E-F259-49C6-BA9B-26C328788E66}.Release|Any CPU.ActiveCfg = Release|Any CPU
		{C3DDB25E-F259-49C6-BA9B-26C328788E66}.Release|Any CPU.Build.0 = Release|Any CPU
		{48119CA3-B43F-464D-81EF-F3C035D2E5E4}.Debug|Any CPU.ActiveCfg = Debug|Any CPU
		{48119CA3-B43F-464D-81EF-F3C035D2E5E4}.Debug|Any CPU.Build.0 = Debug|Any CPU
		{48119CA3-B43F-464D-81EF-F3C035D2E5E4}.Release|Any CPU.ActiveCfg = Release|Any CPU
		{48119CA3-B43F-464D-81EF-F3C035D2E5E4}.Release|Any CPU.Build.0 = Release|Any CPU
		{09D03BA5-DC68-4C42-BD3E-6E29DB7ADC42}.Debug|Any CPU.ActiveCfg = Debug|Any CPU
		{09D03BA5-DC68-4C42-BD3E-6E29DB7ADC42}.Debug|Any CPU.Build.0 = Debug|Any CPU
		{09D03BA5-DC68-4C42-BD3E-6E29DB7ADC42}.Release|Any CPU.ActiveCfg = Release|Any CPU
		{09D03BA5-DC68-4C42-BD3E-6E29DB7ADC42}.Release|Any CPU.Build.0 = Release|Any CPU
		{10EDAF6F-14A5-48AB-A394-65346F40D349}.Debug|Any CPU.ActiveCfg = Debug|Any CPU
		{10EDAF6F-14A5-48AB-A394-65346F40D349}.Debug|Any CPU.Build.0 = Debug|Any CPU
		{10EDAF6F-14A5-48AB-A394-65346F40D349}.Release|Any CPU.ActiveCfg = Release|Any CPU
		{10EDAF6F-14A5-48AB-A394-65346F40D349}.Release|Any CPU.Build.0 = Release|Any CPU
		{A6AA4858-7BF3-4B59-A205-6D1AB39554A3}.Debug|Any CPU.ActiveCfg = Debug|Any CPU
		{A6AA4858-7BF3-4B59-A205-6D1AB39554A3}.Debug|Any CPU.Build.0 = Debug|Any CPU
		{A6AA4858-7BF3-4B59-A205-6D1AB39554A3}.Release|Any CPU.ActiveCfg = Release|Any CPU
		{A6AA4858-7BF3-4B59-A205-6D1AB39554A3}.Release|Any CPU.Build.0 = Release|Any CPU
		{C4E93673-4B7C-4930-B4FC-E52E9C2851A4}.Debug|Any CPU.ActiveCfg = Debug|Any CPU
		{C4E93673-4B7C-4930-B4FC-E52E9C2851A4}.Debug|Any CPU.Build.0 = Debug|Any CPU
		{C4E93673-4B7C-4930-B4FC-E52E9C2851A4}.Release|Any CPU.ActiveCfg = Release|Any CPU
		{C4E93673-4B7C-4930-B4FC-E52E9C2851A4}.Release|Any CPU.Build.0 = Release|Any CPU
		{3086C39A-2CE4-4DCC-8955-14E13090749A}.Debug|Any CPU.ActiveCfg = Debug|Any CPU
		{3086C39A-2CE4-4DCC-8955-14E13090749A}.Debug|Any CPU.Build.0 = Debug|Any CPU
		{3086C39A-2CE4-4DCC-8955-14E13090749A}.Release|Any CPU.ActiveCfg = Release|Any CPU
		{3086C39A-2CE4-4DCC-8955-14E13090749A}.Release|Any CPU.Build.0 = Release|Any CPU
		{33DB4F3B-F5C1-4305-A364-7FC7B9792092}.Debug|Any CPU.ActiveCfg = Debug|Any CPU
		{33DB4F3B-F5C1-4305-A364-7FC7B9792092}.Debug|Any CPU.Build.0 = Debug|Any CPU
		{33DB4F3B-F5C1-4305-A364-7FC7B9792092}.Release|Any CPU.ActiveCfg = Release|Any CPU
		{33DB4F3B-F5C1-4305-A364-7FC7B9792092}.Release|Any CPU.Build.0 = Release|Any CPU
	EndGlobalSection
	GlobalSection(SolutionProperties) = preSolution
		HideSolutionNode = FALSE
	EndGlobalSection
	GlobalSection(NestedProjects) = preSolution
		{23D7C7BD-131C-4267-B4FA-05EB099007BD} = {38A21401-1DC1-46AB-8392-ED12E436707C}
		{B48A1A13-C427-4F28-ABED-ACA6F28C66BE} = {38A21401-1DC1-46AB-8392-ED12E436707C}
		{A6587A72-BE5F-4CDC-9553-04770351F068} = {5EB2FA58-2B9F-46AA-9A36-A22221636FC0}
		{D2CE6F1E-72BC-4072-BA97-794FE1D61A3D} = {5EB2FA58-2B9F-46AA-9A36-A22221636FC0}
		{92D9E80B-6910-4FD8-A62B-B9804369E5BA} = {5EB2FA58-2B9F-46AA-9A36-A22221636FC0}
		{654B44A7-5E5F-4AA2-80FA-CE135049A1D0} = {A6587A72-BE5F-4CDC-9553-04770351F068}
		{A7513898-DA6B-4F1D-907A-3F884229EDED} = {A6587A72-BE5F-4CDC-9553-04770351F068}
		{D674FB36-1EB2-442F-AC84-0F5137E2E4FA} = {A6587A72-BE5F-4CDC-9553-04770351F068}
		{C3DDB25E-F259-49C6-BA9B-26C328788E66} = {EABEF104-7CFE-4DCF-8BD2-B8C0CE10E755}
		{A6AA4858-7BF3-4B59-A205-6D1AB39554A3} = {EABEF104-7CFE-4DCF-8BD2-B8C0CE10E755}
		{AA0C0F6A-8B27-4A32-BB08-006143027008} = {D2CE6F1E-72BC-4072-BA97-794FE1D61A3D}
		{EEFDA719-E0F8-4B97-BE92-047C19DBBFB4} = {D2CE6F1E-72BC-4072-BA97-794FE1D61A3D}
		{48119CA3-B43F-464D-81EF-F3C035D2E5E4} = {27755B68-FC69-4A8B-A7F4-0DEB41F221AB}
		{09D03BA5-DC68-4C42-BD3E-6E29DB7ADC42} = {27755B68-FC69-4A8B-A7F4-0DEB41F221AB}
		{10EDAF6F-14A5-48AB-A394-65346F40D349} = {53A5004F-F4C0-4814-859B-147D898D9EB1}
		{33DB4F3B-F5C1-4305-A364-7FC7B9792092} = {53A5004F-F4C0-4814-859B-147D898D9EB1}
		{C4E93673-4B7C-4930-B4FC-E52E9C2851A4} = {181CCF29-5B36-46A8-8E8C-A100F96C38FB}
		{3086C39A-2CE4-4DCC-8955-14E13090749A} = {181CCF29-5B36-46A8-8E8C-A100F96C38FB}
		{995B0B24-F883-4F34-9499-4447D7CBA681} = {D674FB36-1EB2-442F-AC84-0F5137E2E4FA}
		{70CCFB45-0679-420E-BB43-BF97047D8269} = {D674FB36-1EB2-442F-AC84-0F5137E2E4FA}
		{A20A3591-2F4B-480D-91B1-D11CC907BC61} = {92D9E80B-6910-4FD8-A62B-B9804369E5BA}
		{D0B43005-C830-424A-BAC5-9BD4143B6244} = {92D9E80B-6910-4FD8-A62B-B9804369E5BA}
	EndGlobalSection
EndGlobal
